{
  "name": "mubot-eval2",
  "version": "1.0.3",
  "lockfileVersion": 1,
  "requires": true,
  "dependencies": {
    "ansi-regex": {
      "version": "2.1.1",
      "resolved": "https://registry.npmjs.org/ansi-regex/-/ansi-regex-2.1.1.tgz",
      "integrity": "sha1-w7M6te42DYbg5ijwRorn7yfWVN8="
    },
    "ansi-styles": {
      "version": "2.2.1",
      "resolved": "https://registry.npmjs.org/ansi-styles/-/ansi-styles-2.2.1.tgz",
      "integrity": "sha1-tDLdM1i2NM914eRmQ2gkBTPB3b4="
    },
    "ansicolor": {
      "version": "1.1.93",
      "resolved": "https://registry.npmjs.org/ansicolor/-/ansicolor-1.1.93.tgz",
      "integrity": "sha512-4dhht0A3T3i+wshSm1kUnJySJnMfaV9Y4O27PcIVQkQR73ska32ddhxxJBIgs+ghvDOs5wpLthiA88VM9SyzPw=="
    },
    "chalk": {
      "version": "1.1.3",
      "resolved": "https://registry.npmjs.org/chalk/-/chalk-1.1.3.tgz",
      "integrity": "sha1-qBFcVeSnAv5NFQq9OHKCKn4J/Jg=",
      "requires": {
        "ansi-styles": "^2.2.1",
        "escape-string-regexp": "^1.0.2",
        "has-ansi": "^2.0.0",
        "strip-ansi": "^3.0.0",
        "supports-color": "^2.0.0"
      }
    },
    "escape-string-regexp": {
      "version": "1.0.5",
      "resolved": "https://registry.npmjs.org/escape-string-regexp/-/escape-string-regexp-1.0.5.tgz",
      "integrity": "sha1-G2HAViGQqN/2rjuyzwIAyhMLhtQ="
    },
    "eval": {
      "version": "0.1.4",
      "resolved": "https://registry.npmjs.org/eval/-/eval-0.1.4.tgz",
      "integrity": "sha512-npGsebJejyjMRnLdFu+T/97dnigqIU0Ov3IGrZ8ygd1v7RL1vGkEKtvyWZobqUH1AQgKlg0Yqqe2BtMA9/QZLw==",
      "requires": {
        "require-like": ">= 0.1.1"
      }
    },
    "has-ansi": {
      "version": "2.0.0",
      "resolved": "https://registry.npmjs.org/has-ansi/-/has-ansi-2.0.0.tgz",
      "integrity": "sha1-NPUEnOHs3ysGSa8+8k5F7TVBbZE=",
      "requires": {
        "ansi-regex": "^2.0.0"
      }
    },
    "ramda": {
      "version": "0.27.1",
      "resolved": "https://registry.npmjs.org/ramda/-/ramda-0.27.1.tgz",
      "integrity": "sha512-PgIdVpn5y5Yns8vqb8FzBUEYn98V3xcPgawAkkgj0YJ0qDsnHCiNmZYfOGMgOvoB0eWFLpYbhxUR3mxfDIMvpw=="
    },
    "ramda-fantasy": {
      "version": "0.8.0",
      "resolved": "https://registry.npmjs.org/ramda-fantasy/-/ramda-fantasy-0.8.0.tgz",
      "integrity": "sha1-now32T7ApweWz8EIc92cUIUDkPY=",
      "requires": {
        "ramda": ">=0.15.0"
      }
    },
    "require-like": {
      "version": "0.1.2",
      "resolved": "https://registry.npmjs.org/require-like/-/require-like-0.1.2.tgz",
      "integrity": "sha1-rW8wwTvs15cBDEaK+ndcDAprR/o="
    },
    "sanctuary": {
      "version": "3.1.0",
      "resolved": "https://registry.npmjs.org/sanctuary/-/sanctuary-3.1.0.tgz",
      "integrity": "sha512-yTpWmslb5Q2jXcHYeIfCzJksIpe3pngBaFBDpjdPXONWyVSB3hBVDZZ8EmitohaMZqjLB+JREeEL0YOVtdxILA==",
      "requires": {
        "sanctuary-def": "0.22.0",
        "sanctuary-either": "2.1.0",
        "sanctuary-maybe": "2.1.0",
        "sanctuary-pair": "2.1.0",
        "sanctuary-show": "2.0.0",
        "sanctuary-type-classes": "12.1.0",
        "sanctuary-type-identifiers": "3.0.0"
      }
    },
    "sanctuary-def": {
      "version": "0.22.0",
      "resolved": "https://registry.npmjs.org/sanctuary-def/-/sanctuary-def-0.22.0.tgz",
      "integrity": "sha512-lywS27TfuPHzelMh6M1YWBcB//Lom4Gko/tGjKYbDPkPet1B5KplsSdjY+5sF4mwp6+PDUodsk/Y3Uskrc/ebw==",
      "requires": {
        "sanctuary-either": "2.1.0",
        "sanctuary-show": "2.0.0",
        "sanctuary-type-classes": "12.1.0",
        "sanctuary-type-identifiers": "3.0.0"
      }
    },
    "sanctuary-either": {
      "version": "2.1.0",
      "resolved": "https://registry.npmjs.org/sanctuary-either/-/sanctuary-either-2.1.0.tgz",
      "integrity": "sha512-AsQCma2yGAVS7Dlxme/09NZWQfcXBNylVmkuvarp8uOe9otSwClOgQyyePN2OxO4hTf3Au1Ck4ggm+97Je06kA==",
      "requires": {
        "sanctuary-show": "2.0.0",
        "sanctuary-type-classes": "12.1.0"
      }
    },
    "sanctuary-maybe": {
      "version": "2.1.0",
      "resolved": "https://registry.npmjs.org/sanctuary-maybe/-/sanctuary-maybe-2.1.0.tgz",
      "integrity": "sha512-xCmvaEkYaIz5klWUrsgvgORKTL3bVYxATp7HyGBY0ZCu9tHJtSYDTpwnqMkRknHFIU986Kr2M/dJdiFvuc6UCQ==",
      "requires": {
        "sanctuary-show": "2.0.0",
        "sanctuary-type-classes": "12.1.0"
      }
    },
    "sanctuary-pair": {
      "version": "2.1.0",
      "resolved": "https://registry.npmjs.org/sanctuary-pair/-/sanctuary-pair-2.1.0.tgz",
      "integrity": "sha512-yY1JzzIJ/Ex7rjN8NmQLB7yv6GVzNeaMvxoYSW8w1ReLQI0n2sGOVCnAVipZuCv7wmfd+BavSXp59rklJeYytw==",
      "requires": {
        "sanctuary-show": "2.0.0",
        "sanctuary-type-classes": "12.1.0"
      }
    },
    "sanctuary-show": {
      "version": "2.0.0",
      "resolved": "https://registry.npmjs.org/sanctuary-show/-/sanctuary-show-2.0.0.tgz",
      "integrity": "sha512-REj4ZiioUXnDLj6EpJ9HcYDIEGaEexmB9Fg5o6InZR9f0x5PfnnC21QeU9SZ9E7G8zXSZPNjy8VRUK4safbesw=="
    },
    "sanctuary-type-classes": {
      "version": "12.1.0",
      "resolved": "https://registry.npmjs.org/sanctuary-type-classes/-/sanctuary-type-classes-12.1.0.tgz",
      "integrity": "sha512-oWP071Q88dEgJwxHLZp8tc7DoS+mWmYhYOuhP85zznPpIxV1ZjJfyRvcR59YCazyFxyFeBif7bJx1giLhDZW0Q==",
      "requires": {
        "sanctuary-type-identifiers": "3.0.0"
      }
    },
    "sanctuary-type-identifiers": {
      "version": "3.0.0",
      "resolved": "https://registry.npmjs.org/sanctuary-type-identifiers/-/sanctuary-type-identifiers-3.0.0.tgz",
      "integrity": "sha512-YFXYcG0Ura1dSPd/1xLYtE2XAWUEsBHhMTZvYBOvwT8MeFQwdUOCMm2DC+r94z6H93FVq0qxDac8/D7QpJj6Mg=="
    },
    "strip-ansi": {
      "version": "3.0.1",
      "resolved": "https://registry.npmjs.org/strip-ansi/-/strip-ansi-3.0.1.tgz",
      "integrity": "sha1-ajhfuIU9lS1f8F0Oiq+UJ43GPc8=",
      "requires": {
        "ansi-regex": "^2.0.0"
      }
    },
    "supports-color": {
      "version": "2.0.0",
      "resolved": "https://registry.npmjs.org/supports-color/-/supports-color-2.0.0.tgz",
      "integrity": "sha1-U10EXOa2Nj+kARcIRimZXp3zJMc="
    },
    "treis": {
      "version": "2.6.0",
      "resolved": "https://registry.npmjs.org/treis/-/treis-2.6.0.tgz",
      "integrity": "sha512-gZDSUco15r61YkLyXs9CXvgDe4cMvt6Sbf6NallBbPC5fgy/dtZco7kYdxRAhOgkZrtrzBuk9jjiMPyedxl96w==",
      "requires": {
        "ansicolor": "^1.1.72",
        "chalk": "^1.1.1",
        "ramda": "^0.18.0",
        "strip-ansi": "^3.0.1"
      },
      "dependencies": {
        "ramda": {
          "version": "0.18.0",
          "resolved": "https://registry.npmjs.org/ramda/-/ramda-0.18.0.tgz",
          "integrity": "sha1-xuPF1LmrH3kGcn/e6wORUqhdTbM="
        }
      }
    },
    "vm": {
      "version": "0.1.0",
      "resolved": "https://registry.npmjs.org/vm/-/vm-0.1.0.tgz",
      "integrity": "sha1-AGDUhei4mFiUbECwGmugeUXbcKg="
    }
  }
}
